# THIS IS AN AUTOGENERATED FILE. DO NOT EDIT THIS FILE DIRECTLY.
# yarn lockfile v1


acorn-jsx@^5.0.0:
  version "5.0.1"
  resolved "http://registry.npm.taobao.org/acorn-jsx/download/acorn-jsx-5.0.1.tgz#32a064fd925429216a09b141102bfdd185fae40e"
  integrity sha1-MqBk/ZJUKSFqCbFBECv90YX65A4=

acorn@^6.0.2:
  version "6.0.4"
  resolved "http://registry.npm.taobao.org/acorn/download/acorn-6.0.4.tgz#77377e7353b72ec5104550aa2d2097a2fd40b754"
  integrity sha1-dzd+c1O3LsUQRVCqLSCXov1At1Q=

aria-query@^3.0.0:
  version "3.0.0"
  resolved "http://registry.npm.taobao.org/aria-query/download/aria-query-3.0.0.tgz#65b3fcc1ca1155a8c9ae64d6eee297f15d5133cc"
  integrity sha1-ZbP8wcoRVajJrmTW7uKX8V1RM8w=
  dependencies:
    ast-types-flow "0.0.7"
    commander "^2.11.0"

array-includes@^3.0.3:
  version "3.0.3"
  resolved "http://registry.npm.taobao.org/array-includes/download/array-includes-3.0.3.tgz#184b48f62d92d7452bb31b323165c7f8bd02266d"
  integrity sha1-GEtI9i2S10UrsxsyMWXH+L0CJm0=
  dependencies:
    define-properties "^1.1.2"
    es-abstract "^1.7.0"

ast-types-flow@0.0.7, ast-types-flow@^0.0.7:
  version "0.0.7"
  resolved "http://registry.npm.taobao.org/ast-types-flow/download/ast-types-flow-0.0.7.tgz#f70b735c6bca1a5c9c22d982c3e39e7feba3bdad"
  integrity sha1-9wtzXGvKGlycItmCw+Oef+ujva0=

axobject-query@^2.0.1:
  version "2.0.2"
  resolved "http://registry.npm.taobao.org/axobject-query/download/axobject-query-2.0.2.tgz#ea187abe5b9002b377f925d8bf7d1c561adf38f9"
  integrity sha1-6hh6vluQArN3+SXYv30cVhrfOPk=
  dependencies:
    ast-types-flow "0.0.7"

commander@^2.11.0:
  version "2.19.0"
  resolved "http://registry.npm.taobao.org/commander/download/commander-2.19.0.tgz#f6198aa84e5b83c46054b94ddedbfed5ee9ff12a"
  integrity sha1-9hmKqE5bg8RgVLlN3tv+1e6f8So=

damerau-levenshtein@^1.0.4:
  version "1.0.4"
  resolved "http://registry.npm.taobao.org/damerau-levenshtein/download/damerau-levenshtein-1.0.4.tgz#03191c432cb6eea168bb77f3a55ffdccb8978514"
  integrity sha1-AxkcQyy27qFou3fzpV/9zLiXhRQ=

debug@^4.1.0:
  version "4.1.1"
  resolved "http://registry.npm.taobao.org/debug/download/debug-4.1.1.tgz#3b72260255109c6b589cee050f1d516139664791"
  integrity sha1-O3ImAlUQnGtYnO4FDx1RYTlmR5E=
  dependencies:
    ms "^2.1.1"

define-properties@^1.1.2:
  version "1.1.3"
  resolved "http://registry.npm.taobao.org/define-properties/download/define-properties-1.1.3.tgz#cf88da6cbee26fe6db7094f61d870cbd84cee9f1"
  integrity sha1-z4jabL7ib+bbcJT2HYcMvYTO6fE=
  dependencies:
    object-keys "^1.0.12"

emoji-regex@^6.5.1:
  version "6.5.1"
  resolved "http://registry.npm.taobao.org/emoji-regex/download/emoji-regex-6.5.1.tgz#9baea929b155565c11ea41c6626eaa65cef992c2"
  integrity sha1-m66pKbFVVlwR6kHGYm6qZc75ksI=

es-abstract@^1.7.0:
  version "1.12.0"
  resolved "http://registry.npm.taobao.org/es-abstract/download/es-abstract-1.12.0.tgz#9dbbdd27c6856f0001421ca18782d786bf8a6165"
  integrity sha1-nbvdJ8aFbwABQhyhh4LXhr+KYWU=
  dependencies:
    es-to-primitive "^1.1.1"
    function-bind "^1.1.1"
    has "^1.0.1"
    is-callable "^1.1.3"
    is-regex "^1.0.4"

es-to-primitive@^1.1.1:
  version "1.2.0"
  resolved "http://registry.npm.taobao.org/es-to-primitive/download/es-to-primitive-1.2.0.tgz#edf72478033456e8dda8ef09e00ad9650707f377"
  integrity sha1-7fckeAM0VujdqO8J4ArZZQcH83c=
  dependencies:
    is-callable "^1.1.4"
    is-date-object "^1.0.1"
    is-symbol "^1.0.2"

eslint-plugin-jsx-a11y@^6.1.2:
  version "6.1.2"
  resolved "http://registry.npm.taobao.org/eslint-plugin-jsx-a11y/download/eslint-plugin-jsx-a11y-6.1.2.tgz#69bca4890b36dcf0fe16dd2129d2d88b98f33f88"
  integrity sha1-abykiQs23PD+Ft0hKdLYi5jzP4g=
  dependencies:
    aria-query "^3.0.0"
    array-includes "^3.0.3"
    ast-types-flow "^0.0.7"
    axobject-query "^2.0.1"
    damerau-levenshtein "^1.0.4"
    emoji-regex "^6.5.1"
    has "^1.0.3"
    jsx-ast-utils "^2.0.1"

eslint-plugin-vue@^5.0.0:
  version "5.0.0"
  resolved "http://registry.npm.taobao.org/eslint-plugin-vue/download/eslint-plugin-vue-5.0.0.tgz#4a2cc1c0e71ea45e1bd9c1a60f925bfe68bb5710"
  integrity sha1-SizBwOcepF4b2cGmD5Jb/mi7VxA=
  dependencies:
    vue-eslint-parser "^4.0.2"

eslint-scope@^4.0.0:
  version "4.0.0"
  resolved "http://registry.npm.taobao.org/eslint-scope/download/eslint-scope-4.0.0.tgz#50bf3071e9338bcdc43331794a0cb533f0136172"
  integrity sha1-UL8wcekzi83EMzF5Sgy1M/ATYXI=
  dependencies:
    esrecurse "^4.1.0"
    estraverse "^4.1.1"

eslint-visitor-keys@^1.0.0:
  version "1.0.0"
  resolved "http://registry.npm.taobao.org/eslint-visitor-keys/download/eslint-visitor-keys-1.0.0.tgz#3f3180fb2e291017716acb4c9d6d5b5c34a6a81d"
  integrity sha1-PzGA+y4pEBdxastMnW1bXDSmqB0=

espree@^4.1.0:
  version "4.1.0"
  resolved "http://registry.npm.taobao.org/espree/download/espree-4.1.0.tgz#728d5451e0fd156c04384a7ad89ed51ff54eb25f"
  integrity sha1-co1UUeD9FWwEOEp62J7VH/VOsl8=
  dependencies:
    acorn "^6.0.2"
    acorn-jsx "^5.0.0"
    eslint-visitor-keys "^1.0.0"

esquery@^1.0.1:
  version "1.0.1"
  resolved "http://registry.npm.taobao.org/esquery/download/esquery-1.0.1.tgz#406c51658b1f5991a5f9b62b1dc25b00e3e5c708"
  integrity sha1-QGxRZYsfWZGl+bYrHcJbAOPlxwg=
  dependencies:
    estraverse "^4.0.0"

esrecurse@^4.1.0:
  version "4.2.1"
  resolved "http://registry.npm.taobao.org/esrecurse/download/esrecurse-4.2.1.tgz#007a3b9fdbc2b3bb87e4879ea19c92fdbd3942cf"
  integrity sha1-AHo7n9vCs7uH5IeeoZyS/b05Qs8=
  dependencies:
    estraverse "^4.1.0"

estraverse@^4.0.0, estraverse@^4.1.0, estraverse@^4.1.1:
  version "4.2.0"
  resolved "http://registry.npm.taobao.org/estraverse/download/estraverse-4.2.0.tgz#0dee3fed31fcd469618ce7342099fc1afa0bdb13"
  integrity sha1-De4/7TH81GlhjOc0IJn8GvoL2xM=

function-bind@^1.1.1:
  version "1.1.1"
  resolved "http://registry.npm.taobao.org/function-bind/download/function-bind-1.1.1.tgz#a56899d3ea3c9bab874bb9773b7c5ede92f4895d"
  integrity sha1-pWiZ0+o8m6uHS7l3O3xe3pL0iV0=

has-symbols@^1.0.0:
  version "1.0.0"
  resolved "http://registry.npm.taobao.org/has-symbols/download/has-symbols-1.0.0.tgz#ba1a8f1af2a0fc39650f5c850367704122063b44"
  integrity sha1-uhqPGvKg/DllD1yFA2dwQSIGO0Q=

has@^1.0.1, has@^1.0.3:
  version "1.0.3"
  resolved "http://registry.npm.taobao.org/has/download/has-1.0.3.tgz#722d7cbfc1f6aa8241f16dd814e011e1f41e8796"
  integrity sha1-ci18v8H2qoJB8W3YFOAR4fQeh5Y=
  dependencies:
    function-bind "^1.1.1"

is-callable@^1.1.3, is-callable@^1.1.4:
  version "1.1.4"
  resolved "http://registry.npm.taobao.org/is-callable/download/is-callable-1.1.4.tgz#1e1adf219e1eeb684d691f9d6a05ff0d30a24d75"
  integrity sha1-HhrfIZ4e62hNaR+dagX/DTCiTXU=

is-date-object@^1.0.1:
  version "1.0.1"
  resolved "http://registry.npm.taobao.org/is-date-object/download/is-date-object-1.0.1.tgz#9aa20eb6aeebbff77fbd33e74ca01b33581d3a16"
  integrity sha1-mqIOtq7rv/d/vTPnTKAbM1gdOhY=

is-regex@^1.0.4:
  version "1.0.4"
  resolved "http://registry.npm.taobao.org/is-regex/download/is-regex-1.0.4.tgz#5517489b547091b0930e095654ced25ee97e9491"
  integrity sha1-VRdIm1RwkbCTDglWVM7SXul+lJE=
  dependencies:
    has "^1.0.1"

is-symbol@^1.0.2:
  version "1.0.2"
  resolved "http://registry.npm.taobao.org/is-symbol/download/is-symbol-1.0.2.tgz#a055f6ae57192caee329e7a860118b497a950f38"
  integrity sha1-oFX2rlcZLK7jKeeoYBGLSXqVDzg=
  dependencies:
    has-symbols "^1.0.0"

jsx-ast-utils@^2.0.1:
  version "2.0.1"
  resolved "http://registry.npm.taobao.org/jsx-ast-utils/download/jsx-ast-utils-2.0.1.tgz#e801b1b39985e20fffc87b40e3748080e2dcac7f"
  integrity sha1-6AGxs5mF4g//yHtA43SAgOLcrH8=
  dependencies:
    array-includes "^3.0.3"

lodash@^4.17.11:
  version "4.17.11"
  resolved "http://registry.npm.taobao.org/lodash/download/lodash-4.17.11.tgz#b39ea6229ef607ecd89e2c8df12536891cac9b8d"
  integrity sha1-s56mIp72B+zYniyN8SU2iRysm40=

ms@^2.1.1:
  version "2.1.1"
  resolved "http://registry.npm.taobao.org/ms/download/ms-2.1.1.tgz#30a5864eb3ebb0a66f2ebe6d727af06a09d86e0a"
  integrity sha1-MKWGTrPrsKZvLr5tcnrwagnYbgo=

object-keys@^1.0.12:
  version "1.0.12"
  resolved "http://registry.npm.taobao.org/object-keys/download/object-keys-1.0.12.tgz#09c53855377575310cca62f55bb334abff7b3ed2"
  integrity sha1-CcU4VTd1dTEMymL1W7M0q/97PtI=

vue-eslint-parser@^4.0.2:
  version "4.0.3"
  resolved "http://registry.npm.taobao.org/vue-eslint-parser/download/vue-eslint-parser-4.0.3.tgz#80cf162e484387b2640371ad21ba1f86e0c10a61"
  integrity sha1-gM8WLkhDh7JkA3GtIbofhuDBCmE=
  dependencies:
    debug "^4.1.0"
    eslint-scope "^4.0.0"
    eslint-visitor-keys "^1.0.0"
    espree "^4.1.0"
    esquery "^1.0.1"
    lodash "^4.17.11"
