# THIS IS AN AUTOGENERATED FILE. DO NOT EDIT THIS FILE DIRECTLY.
# yarn lockfile v1


"@typescript-eslint/eslint-plugin@^1.9.0":
  version "1.9.0"
  resolved "https://registry.npm.taobao.org/@typescript-eslint/eslint-plugin/download/@typescript-eslint/eslint-plugin-1.9.0.tgz#29d73006811bf2563b88891ceeff1c5ea9c8d9c6"
  integrity sha1-KdcwBoEb8lY7iIkc7v8cXqnI2cY=
  dependencies:
    "@typescript-eslint/experimental-utils" "1.9.0"
    "@typescript-eslint/parser" "1.9.0"
    eslint-utils "^1.3.1"
    functional-red-black-tree "^1.0.1"
    regexpp "^2.0.1"
    requireindex "^1.2.0"
    tsutils "^3.7.0"

"@typescript-eslint/experimental-utils@1.9.0":
  version "1.9.0"
  resolved "https://registry.npm.taobao.org/@typescript-eslint/experimental-utils/download/@typescript-eslint/experimental-utils-1.9.0.tgz#a92777d0c92d7bc8627abd7cdb06cdbcaf2b39e8"
  integrity sha1-qSd30Mkte8hier182wbNvK8rOeg=
  dependencies:
    "@typescript-eslint/typescript-estree" "1.9.0"

"@typescript-eslint/parser@1.9.0", "@typescript-eslint/parser@^1.9.0":
  version "1.9.0"
  resolved "https://registry.npm.taobao.org/@typescript-eslint/parser/download/@typescript-eslint/parser-1.9.0.tgz#5796cbfcb9a3a5757aeb671c1ac88d7a94a95962"
  integrity sha1-V5bL/LmjpXV662ccGsiNepSpWWI=
  dependencies:
    "@typescript-eslint/experimental-utils" "1.9.0"
    "@typescript-eslint/typescript-estree" "1.9.0"
    eslint-scope "^4.0.0"
    eslint-visitor-keys "^1.0.0"

"@typescript-eslint/typescript-estree@1.9.0":
  version "1.9.0"
  resolved "https://registry.npm.taobao.org/@typescript-eslint/typescript-estree/download/@typescript-eslint/typescript-estree-1.9.0.tgz#5d6d49be936e96fb0f859673480f89b070a5dd9b"
  integrity sha1-XW1JvpNulvsPhZZzSA+JsHCl3Zs=
  dependencies:
    lodash.unescape "4.0.1"
    semver "5.5.0"

eslint-scope@^4.0.0:
  version "4.0.3"
  resolved "https://registry.npm.taobao.org/eslint-scope/download/eslint-scope-4.0.3.tgz#ca03833310f6889a3264781aa82e63eb9cfe7848"
  integrity sha1-ygODMxD2iJoyZHgaqC5j65z+eEg=
  dependencies:
    esrecurse "^4.1.0"
    estraverse "^4.1.1"

eslint-utils@^1.3.1:
  version "1.3.1"
  resolved "https://registry.npm.taobao.org/eslint-utils/download/eslint-utils-1.3.1.tgz#9a851ba89ee7c460346f97cf8939c7298827e512"
  integrity sha1-moUbqJ7nxGA0b5fPiTnHKYgn5RI=

eslint-visitor-keys@^1.0.0:
  version "1.0.0"
  resolved "https://registry.npm.taobao.org/eslint-visitor-keys/download/eslint-visitor-keys-1.0.0.tgz#3f3180fb2e291017716acb4c9d6d5b5c34a6a81d"
  integrity sha1-PzGA+y4pEBdxastMnW1bXDSmqB0=

esrecurse@^4.1.0:
  version "4.2.1"
  resolved "https://registry.npm.taobao.org/esrecurse/download/esrecurse-4.2.1.tgz#007a3b9fdbc2b3bb87e4879ea19c92fdbd3942cf"
  integrity sha1-AHo7n9vCs7uH5IeeoZyS/b05Qs8=
  dependencies:
    estraverse "^4.1.0"

estraverse@^4.1.0, estraverse@^4.1.1:
  version "4.2.0"
  resolved "https://registry.npm.taobao.org/estraverse/download/estraverse-4.2.0.tgz#0dee3fed31fcd469618ce7342099fc1afa0bdb13"
  integrity sha1-De4/7TH81GlhjOc0IJn8GvoL2xM=

functional-red-black-tree@^1.0.1:
  version "1.0.1"
  resolved "https://registry.npm.taobao.org/functional-red-black-tree/download/functional-red-black-tree-1.0.1.tgz#1b0ab3bd553b2a0d6399d29c0e3ea0b252078327"
  integrity sha1-GwqzvVU7Kg1jmdKcDj6gslIHgyc=

lodash.unescape@4.0.1:
  version "4.0.1"
  resolved "https://registry.npm.taobao.org/lodash.unescape/download/lodash.unescape-4.0.1.tgz#bf2249886ce514cda112fae9218cdc065211fc9c"
  integrity sha1-vyJJiGzlFM2hEvrpIYzcBlIR/Jw=

regexpp@^2.0.1:
  version "2.0.1"
  resolved "https://registry.npm.taobao.org/regexpp/download/regexpp-2.0.1.tgz#8d19d31cf632482b589049f8281f93dbcba4d07f"
  integrity sha1-jRnTHPYySCtYkEn4KB+T28uk0H8=

requireindex@^1.2.0:
  version "1.2.0"
  resolved "https://registry.npm.taobao.org/requireindex/download/requireindex-1.2.0.tgz#3463cdb22ee151902635aa6c9535d4de9c2ef1ef"
  integrity sha1-NGPNsi7hUZAmNapslTXU3pwu8e8=

semver@5.5.0:
  version "5.5.0"
  resolved "https://registry.npm.taobao.org/semver/download/semver-5.5.0.tgz#dc4bbc7a6ca9d916dee5d43516f0092b58f7b8ab"
  integrity sha1-3Eu8emyp2Rbe5dQ1FvAJK1j3uKs=

tslib@^1.8.1:
  version "1.9.3"
  resolved "https://registry.npm.taobao.org/tslib/download/tslib-1.9.3.tgz?cache=0&other_urls=https%3A%2F%2Fregistry.npm.taobao.org%2Ftslib%2Fdownload%2Ftslib-1.9.3.tgz#d7e4dd79245d85428c4d7e4822a79917954ca286"
  integrity sha1-1+TdeSRdhUKMTX5IIqeZF5VMooY=

tsutils@^3.7.0:
  version "3.10.0"
  resolved "https://registry.npm.taobao.org/tsutils/download/tsutils-3.10.0.tgz#6f1c95c94606e098592b0dff06590cf9659227d6"
  integrity sha1-bxyVyUYG4JhZKw3/BlkM+WWSJ9Y=
  dependencies:
    tslib "^1.8.1"
