# THIS IS AN AUTOGENERATED FILE. DO NOT EDIT THIS FILE DIRECTLY.
# yarn lockfile v1


aria-query@^3.0.0:
  version "3.0.0"
  resolved "http://registry.npm.taobao.org/aria-query/download/aria-query-3.0.0.tgz#65b3fcc1ca1155a8c9ae64d6eee297f15d5133cc"
  integrity sha1-ZbP8wcoRVajJrmTW7uKX8V1RM8w=
  dependencies:
    ast-types-flow "0.0.7"
    commander "^2.11.0"

array-includes@^3.0.3:
  version "3.0.3"
  resolved "http://registry.npm.taobao.org/array-includes/download/array-includes-3.0.3.tgz#184b48f62d92d7452bb31b323165c7f8bd02266d"
  integrity sha1-GEtI9i2S10UrsxsyMWXH+L0CJm0=
  dependencies:
    define-properties "^1.1.2"
    es-abstract "^1.7.0"

ast-types-flow@0.0.7, ast-types-flow@^0.0.7:
  version "0.0.7"
  resolved "http://registry.npm.taobao.org/ast-types-flow/download/ast-types-flow-0.0.7.tgz#f70b735c6bca1a5c9c22d982c3e39e7feba3bdad"
  integrity sha1-9wtzXGvKGlycItmCw+Oef+ujva0=

axobject-query@^2.0.1:
  version "2.0.2"
  resolved "http://registry.npm.taobao.org/axobject-query/download/axobject-query-2.0.2.tgz#ea187abe5b9002b377f925d8bf7d1c561adf38f9"
  integrity sha1-6hh6vluQArN3+SXYv30cVhrfOPk=
  dependencies:
    ast-types-flow "0.0.7"

commander@^2.11.0:
  version "2.19.0"
  resolved "http://registry.npm.taobao.org/commander/download/commander-2.19.0.tgz#f6198aa84e5b83c46054b94ddedbfed5ee9ff12a"
  integrity sha1-9hmKqE5bg8RgVLlN3tv+1e6f8So=

damerau-levenshtein@^1.0.4:
  version "1.0.4"
  resolved "http://registry.npm.taobao.org/damerau-levenshtein/download/damerau-levenshtein-1.0.4.tgz#03191c432cb6eea168bb77f3a55ffdccb8978514"
  integrity sha1-AxkcQyy27qFou3fzpV/9zLiXhRQ=

define-properties@^1.1.2:
  version "1.1.3"
  resolved "http://registry.npm.taobao.org/define-properties/download/define-properties-1.1.3.tgz#cf88da6cbee26fe6db7094f61d870cbd84cee9f1"
  integrity sha1-z4jabL7ib+bbcJT2HYcMvYTO6fE=
  dependencies:
    object-keys "^1.0.12"

doctrine@^2.1.0:
  version "2.1.0"
  resolved "http://registry.npm.taobao.org/doctrine/download/doctrine-2.1.0.tgz#5cd01fc101621b42c4cd7f5d1a66243716d3f39d"
  integrity sha1-XNAfwQFiG0LEzX9dGmYkNxbT850=
  dependencies:
    esutils "^2.0.2"

emoji-regex@^6.5.1:
  version "6.5.1"
  resolved "http://registry.npm.taobao.org/emoji-regex/download/emoji-regex-6.5.1.tgz#9baea929b155565c11ea41c6626eaa65cef992c2"
  integrity sha1-m66pKbFVVlwR6kHGYm6qZc75ksI=

es-abstract@^1.7.0:
  version "1.12.0"
  resolved "http://registry.npm.taobao.org/es-abstract/download/es-abstract-1.12.0.tgz#9dbbdd27c6856f0001421ca18782d786bf8a6165"
  integrity sha1-nbvdJ8aFbwABQhyhh4LXhr+KYWU=
  dependencies:
    es-to-primitive "^1.1.1"
    function-bind "^1.1.1"
    has "^1.0.1"
    is-callable "^1.1.3"
    is-regex "^1.0.4"

es-to-primitive@^1.1.1:
  version "1.2.0"
  resolved "http://registry.npm.taobao.org/es-to-primitive/download/es-to-primitive-1.2.0.tgz#edf72478033456e8dda8ef09e00ad9650707f377"
  integrity sha1-7fckeAM0VujdqO8J4ArZZQcH83c=
  dependencies:
    is-callable "^1.1.4"
    is-date-object "^1.0.1"
    is-symbol "^1.0.2"

eslint-plugin-jsx-a11y@^6.1.2:
  version "6.1.2"
  resolved "http://registry.npm.taobao.org/eslint-plugin-jsx-a11y/download/eslint-plugin-jsx-a11y-6.1.2.tgz#69bca4890b36dcf0fe16dd2129d2d88b98f33f88"
  integrity sha1-abykiQs23PD+Ft0hKdLYi5jzP4g=
  dependencies:
    aria-query "^3.0.0"
    array-includes "^3.0.3"
    ast-types-flow "^0.0.7"
    axobject-query "^2.0.1"
    damerau-levenshtein "^1.0.4"
    emoji-regex "^6.5.1"
    has "^1.0.3"
    jsx-ast-utils "^2.0.1"

eslint-plugin-react@^7.11.1:
  version "7.11.1"
  resolved "http://registry.npm.taobao.org/eslint-plugin-react/download/eslint-plugin-react-7.11.1.tgz#c01a7af6f17519457d6116aa94fc6d2ccad5443c"
  integrity sha1-wBp69vF1GUV9YRaqlPxtLMrVRDw=
  dependencies:
    array-includes "^3.0.3"
    doctrine "^2.1.0"
    has "^1.0.3"
    jsx-ast-utils "^2.0.1"
    prop-types "^15.6.2"

esutils@^2.0.2:
  version "2.0.2"
  resolved "http://registry.npm.taobao.org/esutils/download/esutils-2.0.2.tgz#0abf4f1caa5bcb1f7a9d8acc6dea4faaa04bac9b"
  integrity sha1-Cr9PHKpbyx96nYrMbepPqqBLrJs=

function-bind@^1.1.1:
  version "1.1.1"
  resolved "http://registry.npm.taobao.org/function-bind/download/function-bind-1.1.1.tgz#a56899d3ea3c9bab874bb9773b7c5ede92f4895d"
  integrity sha1-pWiZ0+o8m6uHS7l3O3xe3pL0iV0=

has-symbols@^1.0.0:
  version "1.0.0"
  resolved "http://registry.npm.taobao.org/has-symbols/download/has-symbols-1.0.0.tgz#ba1a8f1af2a0fc39650f5c850367704122063b44"
  integrity sha1-uhqPGvKg/DllD1yFA2dwQSIGO0Q=

has@^1.0.1, has@^1.0.3:
  version "1.0.3"
  resolved "http://registry.npm.taobao.org/has/download/has-1.0.3.tgz#722d7cbfc1f6aa8241f16dd814e011e1f41e8796"
  integrity sha1-ci18v8H2qoJB8W3YFOAR4fQeh5Y=
  dependencies:
    function-bind "^1.1.1"

is-callable@^1.1.3, is-callable@^1.1.4:
  version "1.1.4"
  resolved "http://registry.npm.taobao.org/is-callable/download/is-callable-1.1.4.tgz#1e1adf219e1eeb684d691f9d6a05ff0d30a24d75"
  integrity sha1-HhrfIZ4e62hNaR+dagX/DTCiTXU=

is-date-object@^1.0.1:
  version "1.0.1"
  resolved "http://registry.npm.taobao.org/is-date-object/download/is-date-object-1.0.1.tgz#9aa20eb6aeebbff77fbd33e74ca01b33581d3a16"
  integrity sha1-mqIOtq7rv/d/vTPnTKAbM1gdOhY=

is-regex@^1.0.4:
  version "1.0.4"
  resolved "http://registry.npm.taobao.org/is-regex/download/is-regex-1.0.4.tgz#5517489b547091b0930e095654ced25ee97e9491"
  integrity sha1-VRdIm1RwkbCTDglWVM7SXul+lJE=
  dependencies:
    has "^1.0.1"

is-symbol@^1.0.2:
  version "1.0.2"
  resolved "http://registry.npm.taobao.org/is-symbol/download/is-symbol-1.0.2.tgz#a055f6ae57192caee329e7a860118b497a950f38"
  integrity sha1-oFX2rlcZLK7jKeeoYBGLSXqVDzg=
  dependencies:
    has-symbols "^1.0.0"

"js-tokens@^3.0.0 || ^4.0.0":
  version "4.0.0"
  resolved "http://registry.npm.taobao.org/js-tokens/download/js-tokens-4.0.0.tgz#19203fb59991df98e3a287050d4647cdeaf32499"
  integrity sha1-GSA/tZmR35jjoocFDUZHzerzJJk=

jsx-ast-utils@^2.0.1:
  version "2.0.1"
  resolved "http://registry.npm.taobao.org/jsx-ast-utils/download/jsx-ast-utils-2.0.1.tgz#e801b1b39985e20fffc87b40e3748080e2dcac7f"
  integrity sha1-6AGxs5mF4g//yHtA43SAgOLcrH8=
  dependencies:
    array-includes "^3.0.3"

loose-envify@^1.3.1:
  version "1.4.0"
  resolved "http://registry.npm.taobao.org/loose-envify/download/loose-envify-1.4.0.tgz#71ee51fa7be4caec1a63839f7e682d8132d30caf"
  integrity sha1-ce5R+nvkyuwaY4OffmgtgTLTDK8=
  dependencies:
    js-tokens "^3.0.0 || ^4.0.0"

object-assign@^4.1.1:
  version "4.1.1"
  resolved "http://registry.npm.taobao.org/object-assign/download/object-assign-4.1.1.tgz#2109adc7965887cfc05cbbd442cac8bfbb360863"
  integrity sha1-IQmtx5ZYh8/AXLvUQsrIv7s2CGM=

object-keys@^1.0.12:
  version "1.0.12"
  resolved "http://registry.npm.taobao.org/object-keys/download/object-keys-1.0.12.tgz#09c53855377575310cca62f55bb334abff7b3ed2"
  integrity sha1-CcU4VTd1dTEMymL1W7M0q/97PtI=

prop-types@^15.6.2:
  version "15.6.2"
  resolved "http://registry.npm.taobao.org/prop-types/download/prop-types-15.6.2.tgz#05d5ca77b4453e985d60fc7ff8c859094a497102"
  integrity sha1-BdXKd7RFPphdYPx/+MhZCUpJcQI=
  dependencies:
    loose-envify "^1.3.1"
    object-assign "^4.1.1"
